
Microsoft Visual Studio Solution File, Format Version 12.00
# Visual Studio Version 17
VisualStudioVersion = 17.2.32516.85
MinimumVisualStudioVersion = 10.0.40219.1
Project("{9A19103F-16F7-4668-BE54-9A1E7A4F7556}") = "ControlAccess", "ControlAccess.csproj", "{C74A4775-4F1A-46AD-A352-61EBFB359444}"
EndProject
Project("{9A19103F-16F7-4668-BE54-9A1E7A4F7556}") = "Engine", "..\Engine\Engine.csproj", "{6544C829-62A2-4351-AD05-1484A1DC929F}"
EndProject
Project("{9A19103F-16F7-4668-BE54-9A1E7A4F7556}") = "DataService", "..\DataService\DataService.csproj", "{A41F8641-B386-48A1-9651-98D6EB247161}"
EndProject
Global
	GlobalSection(SolutionConfigurationPlatforms) = preSolution
		Debug|Any CPU = Debug|Any CPU
		Release|Any CPU = Release|Any CPU
	EndGlobalSection
	GlobalSection(ProjectConfigurationPlatforms) = postSolution
		{C74A4775-4F1A-46AD-A352-61EBFB359444}.Debug|Any CPU.ActiveCfg = Debug|Any CPU
		{C74A4775-4F1A-46AD-A352-61EBFB359444}.Debug|Any CPU.Build.0 = Debug|Any CPU
		{C74A4775-4F1A-46AD-A352-61EBFB359444}.Release|Any CPU.ActiveCfg = Release|Any CPU
		{C74A4775-4F1A-46AD-A352-61EBFB359444}.Release|Any CPU.Build.0 = Release|Any CPU
	EndGlobalSection
	GlobalSection(SolutionProperties) = preSolution
		HideSolutionNode = FALSE
	EndGlobalSection
	GlobalSection(ExtensibilityGlobals) = postSolution
		SolutionGuid = {178BB3CD-4202-4979-8E45-C01EE2CAF258}
	EndGlobalSection
EndGlobal
